hash: cea59ce68ce7ae24fddaf85930abd7d7c3b834c46ba02df24e10bbe9ad90cbde
updated: 2017-09-19T10:44:52.631128509+02:00
imports:
- name: github.com/gin-contrib/sse
  version: 22d885f9ecc78bf4ee5d72b937e4bbcdc58e8cae
- name: github.com/gin-gonic/gin
  version: d459835d2b077e44f7c9b453505ee29881d5d12d
  subpackages:
  - binding
  - render
- name: github.com/golang/protobuf
  version: ae59567b9aab61b50b2590679a62c3c044030b61
  subpackages:
  - proto
- name: github.com/mattn/go-isatty
  version: fc9e8d8ef48496124e79ae0df75490096eccf6fe
- name: github.com/stretchr/testify
  version: 69483b4bd14f5845b5a1e55bca19e954e827f1d0
  subpackages:
  - assert
  - require
- name: github.com/ugorji/go
  version: 54210f4e076c57f351166f0ed60e67d3fca57a36
  subpackages:
  - codec
- name: golang.org/x/sys
  version: b6e1ae21643682ce023deb8d152024597b0e9bb4
  subpackages:
  - unix
- name: gopkg.in/go-playground/validator.v8
  version: 5f1438d3fca68893a817e4a66806cea46a9e4ebf
- name: gopkg.in/yaml.v2
  version: eb3733d160e74a9c7e442f435eb3bea458e1d19f
testImports: []
